
Microsoft Visual Studio Solution File, Format Version 11.00
# Visual Studio 10
Project("{FAE04EC0-301F-11D3-BF4B-00C04F79EFBC}") = "Twitter", "Twitter\Twitter.csproj", "{FCF116D0-40A5-403C-9837-FC9673DBC45E}"
EndProject
Global
	GlobalSection(SolutionConfigurationPlatforms) = preSolution
		Debug|Any CPU = Debug|Any CPU
		Release|Any CPU = Release|Any CPU
	EndGlobalSection
	GlobalSection(ProjectConfigurationPlatforms) = postSolution
		{FCF116D0-40A5-403C-9837-FC9673DBC45E}.Debug|Any CPU.ActiveCfg = Debug|Any CPU
		{FCF116D0-40A5-403C-9837-FC9673DBC45E}.Debug|Any CPU.Build.0 = Debug|Any CPU
		{FCF116D0-40A5-403C-9837-FC9673DBC45E}.Release|Any CPU.ActiveCfg = Release|Any CPU
		{FCF116D0-40A5-403C-9837-FC9673DBC45E}.Release|Any CPU.Build.0 = Release|Any CPU
	EndGlobalSection
	GlobalSection(SolutionProperties) = preSolution
		HideSolutionNode = FALSE
	EndGlobalSection
EndGlobal
